
Microsoft Visual Studio Solution File, Format Version 12.00
# Visual Studio Version 17
VisualStudioVersion = 17.12.35527.113 d17.12
MinimumVisualStudioVersion = 10.0.40219.1
Project("{FAE04EC0-301F-11D3-BF4B-00C04F79EFBC}") = "PRN222.Lab1.MVC", "PRN222.Lab1.MVC\PRN222.Lab1.MVC.csproj", "{87F5784D-86E4-43CE-AD98-AAE89BD28ADA}"
EndProject
Project("{FAE04EC0-301F-11D3-BF4B-00C04F79EFBC}") = "PRN222.Lab1.Services", "PRN222.Lab1.Services\PRN222.Lab1.Services.csproj", "{7F470D31-E821-4299-92A1-0B86297A0E84}"
EndProject
Project("{FAE04EC0-301F-11D3-BF4B-00C04F79EFBC}") = "PRN222.Lab1.Repositories", "PRN222.Lab1.Repositories\PRN222.Lab1.Repositories.csproj", "{B62EF287-ED6F-4E81-94C8-6EB9739006CD}"
EndProject
Global
	GlobalSection(SolutionConfigurationPlatforms) = preSolution
		Debug|Any CPU = Debug|Any CPU
		Release|Any CPU = Release|Any CPU
	EndGlobalSection
	GlobalSection(ProjectConfigurationPlatforms) = postSolution
		{87F5784D-86E4-43CE-AD98-AAE89BD28ADA}.Debug|Any CPU.ActiveCfg = Debug|Any CPU
		{87F5784D-86E4-43CE-AD98-AAE89BD28ADA}.Debug|Any CPU.Build.0 = Debug|Any CPU
		{87F5784D-86E4-43CE-AD98-AAE89BD28ADA}.Release|Any CPU.ActiveCfg = Release|Any CPU
		{87F5784D-86E4-43CE-AD98-AAE89BD28ADA}.Release|Any CPU.Build.0 = Release|Any CPU
		{7F470D31-E821-4299-92A1-0B86297A0E84}.Debug|Any CPU.ActiveCfg = Debug|Any CPU
		{7F470D31-E821-4299-92A1-0B86297A0E84}.Debug|Any CPU.Build.0 = Debug|Any CPU
		{7F470D31-E821-4299-92A1-0B86297A0E84}.Release|Any CPU.ActiveCfg = Release|Any CPU
		{7F470D31-E821-4299-92A1-0B86297A0E84}.Release|Any CPU.Build.0 = Release|Any CPU
		{B62EF287-ED6F-4E81-94C8-6EB9739006CD}.Debug|Any CPU.ActiveCfg = Debug|Any CPU
		{B62EF287-ED6F-4E81-94C8-6EB9739006CD}.Debug|Any CPU.Build.0 = Debug|Any CPU
		{B62EF287-ED6F-4E81-94C8-6EB9739006CD}.Release|Any CPU.ActiveCfg = Release|Any CPU
		{B62EF287-ED6F-4E81-94C8-6EB9739006CD}.Release|Any CPU.Build.0 = Release|Any CPU
	EndGlobalSection
	GlobalSection(SolutionProperties) = preSolution
		HideSolutionNode = FALSE
	EndGlobalSection
EndGlobal
